{
    "_meta": {
        "hash": {
            "sha256": "bf65f0d56bd1d43e3e71647489d20dac56d7b3f3d3725cf8cd6d99275c32f709"
        },
        "pipfile-spec": 6,
        "requires": {
            "python_version": "3.10"
        },
        "sources": [
            {
                "name": "pypi",
                "url": "https://pypi.org/simple",
                "verify_ssl": true
            }
        ]
    },
    "default": {
        "dipt": {
            "editable": true,
            "file": "."
        },
        "igraph": {
            "hashes": [
                "sha256:09c609c5d6a844582a10085c18c1c15d14b2f9fd3be59fed3feaa4be091d671f",
                "sha256:0ae9486a52da72d2ab634b92e17a969dc4e8e83303384329b903830ad67315e5",
                "sha256:178ef859135ac5075a7159e6826a546b7340cf45a01a928c2a0c24c32e3dfa63",
                "sha256:17d79bfb170b8c195fe6bacfa1c906817e8e812417c7e6a8e15f0bcf9b0775a8",
                "sha256:1c11127a58ac2fc8062dac9f20ef612aff1b09f5f9d3e90800c4817229d0a0bc",
                "sha256:248831a6162130f16909c1f776cc246b48f692339ea4baca489cad4ed8dc0e13",
                "sha256:24c97ce9f40a358a8d6ff9c27fab0e4617068aaeeb5448247308c67519b91fa2",
                "sha256:35438d6d69a73288949a80f1eb84597e783486cd71a5cdf5862c0db7a7cbd5c5",
                "sha256:3a2afdb046b602fea71ca18aff6c72165de5002ec38d0dcf1275e34ecd0d9d02",
                "sha256:417b8375c1c9adbb431f7481a6cae6f9e440db81d8d4ee6fa5d2c2983148930a",
                "sha256:434e35d935675caddac3221863b43a02085c7f66030eda542f0dd9fc36e1f8ff",
                "sha256:511b036c876fdbfc919a6a4c72b0335fd2a6a3249e5e4312b660390213875afb",
                "sha256:5bcad4d052785fe9b076f5aca6e870e2fae35373b09867477adc7307f2692a36",
                "sha256:6c17658b367be4f725a253678bfe799d9fe4d4e5c01ad82449cf8f2e9917937c",
                "sha256:745e5d7aebca7e9c16f882041718c8ceeb404a5c7201cb8685f57b0e19ebe24d",
                "sha256:7870fb72fd9e9218940262671fb79baf281ef066aa1cd35adc092ce9ad39a038",
                "sha256:7d7b1eaa3563c1e2dda940c1f154fefe9b3b257da8e8251af443cdc69a039480",
                "sha256:92c47ceb9f4c95ff7461cd94eaec55e901dbc59f6e51f4244d2dd064f31c5491",
                "sha256:9a7aa8e65e7b9ddfe66f9473ce93863f40fccac26b24dc3f56e63159641c9946",
                "sha256:9baf699fdd10491e9a0842e546e630165c49c78d21ac4aaa9fb434ab4a817458",
                "sha256:9e953e1c5e9c5712a48df5cea93963be84aa26618cdae341b4a6b07761f56a45",
                "sha256:a6559e2c925ed2ac608103adfd1dec9ccb9a04ddc7ad1d9d2a7db46dda6b1955",
                "sha256:a68ae7b6324e9c4cb1d04ce75b6e0f67974433fc7667895f1e25bf4f4c6fd530",
                "sha256:b546eaa9461473a65bb56a51672c6aeb898b737d5e86c3efa1b1bf520ee4b031",
                "sha256:c8108138ad605714761bc6d526feab54074904a99c47dcaabc269ed7b45e7650",
                "sha256:c89ab68f076528736d4ed56a01983d7fd433f50b08c58bee7ded2326a4eacda1",
                "sha256:c9b836baa221027f1781ebcff05f1b23339a51a63eb70948ebaba5641efc060a",
                "sha256:caf4a178f7fb7890195c9fb358dbef0ed4a4f5323f529ea14a0f64da4c05f564",
                "sha256:cc93d2f97f93bf30c2027c31e9e1aa088a3c60cdfeb6b33e0259e4b40b4c5597",
                "sha256:d420cd48353e7c138bc39a118c3a01dc41aeba38486cca1524a960a755016171",
                "sha256:d4971b4fcb005ed72f630a5f4c9bb80f10153471fe30846810f63beb3e282a19",
                "sha256:d7dc1404567ba3b0ea1bf8b5fa6e101617915c8ad11ea5a9f925a40bf4adad7d",
                "sha256:d964fc35d65ce67b121e4dcfd7d3479fb3eeb232b6a346a217e397c7d5c5f124",
                "sha256:e2e3abe641622cd9c95eb152c97caa22e68257a524cc1851a099b066f8f5c5f3",
                "sha256:e4e36a4f8a40bb4ffc8aa08c1cfe6fa3dfa78393cf65165bd9d59e6ac24a2468",
                "sha256:e702a436935d3e127f6affff397ebbab48b522434bd8d6f15cfb1ab5d940e7d5",
                "sha256:e9de09a26d7aae4d83338497cfd2d107d3ee3a2e9335b9db4b6c73a089e8cf47",
                "sha256:f0a8cad10406fba28c4b0199dfb491bcfdf1cdd3a56feeb52bb3b1cd724d04b4",
                "sha256:f4048b843be54a77bc7206ce8c58825a9b1b42748c1713699034dc4f7df36f73"
            ],
            "index": "pypi",
            "markers": "python_version >= '3.8'",
            "version": "==0.11.8"
        },
        "numpy": {
            "hashes": [
                "sha256:0255732338c4fdd00996c0421884ea8a3651eea555c3a56b84892b66f696eb70",
                "sha256:02f226baeefa68f7d579e213d0f3493496397d8f1cff5e2b222af274c86a552a",
                "sha256:059b51b658f4414fff78c6d7b1b4e18283ab5fa56d270ff212d5ba0c561846f4",
                "sha256:0bcb1d057b7571334139129b7f941588f69ce7c4ed15a9d6162b2ea54ded700c",
                "sha256:0cd48122a6b7eab8f06404805b1bd5856200e3ed6f8a1b9a194f9d9054631beb",
                "sha256:19f4718c9012e3baea91a7dba661dcab2451cda2550678dc30d53acb91a7290f",
                "sha256:1a161c2c79ab30fe4501d5a2bbfe8b162490757cf90b7f05be8b80bc02f7bb8e",
                "sha256:1f4a922da1729f4c40932b2af4fe84909c7a6e167e6e99f71838ce3a29f3fe26",
                "sha256:261a1ef047751bb02f29dfe337230b5882b54521ca121fc7f62668133cb119c9",
                "sha256:262d23f383170f99cd9191a7c85b9a50970fe9069b2f8ab5d786eca8a675d60b",
                "sha256:2ba321813a00e508d5421104464510cc962a6f791aa2fca1c97b1e65027da80d",
                "sha256:2c1a1c6ccce4022383583a6ded7bbcda22fc635eb4eb1e0a053336425ed36dfa",
                "sha256:352d330048c055ea6db701130abc48a21bec690a8d38f8284e00fab256dc1376",
                "sha256:369e0d4647c17c9363244f3468f2227d557a74b6781cb62ce57cf3ef5cc7c610",
                "sha256:36ab5b23915887543441efd0417e6a3baa08634308894316f446027611b53bf1",
                "sha256:37e32e985f03c06206582a7323ef926b4e78bdaa6915095ef08070471865b906",
                "sha256:3a801fef99668f309b88640e28d261991bfad9617c27beda4a3aec4f217ea073",
                "sha256:3d14b17b9be5f9c9301f43d2e2a4886a33b53f4e6fdf9ca2f4cc60aeeee76372",
                "sha256:422cc684f17bc963da5f59a31530b3936f57c95a29743056ef7a7903a5dbdf88",
                "sha256:4520caa3807c1ceb005d125a75e715567806fed67e315cea619d5ec6e75a4191",
                "sha256:47834cde750d3c9f4e52c6ca28a7361859fcaf52695c7dc3cc1a720b8922683e",
                "sha256:47f9ed103af0bc63182609044b0490747e03bd20a67e391192dde119bf43d52f",
                "sha256:498815b96f67dc347e03b719ef49c772589fb74b8ee9ea2c37feae915ad6ebda",
                "sha256:54088a5a147ab71a8e7fdfd8c3601972751ded0739c6b696ad9cb0343e21ab73",
                "sha256:55f09e00d4dccd76b179c0f18a44f041e5332fd0e022886ba1c0bbf3ea4a18d0",
                "sha256:5a0ac90e46fdb5649ab6369d1ab6104bfe5854ab19b645bf5cda0127a13034ae",
                "sha256:6411f744f7f20081b1b4e7112e0f4c9c5b08f94b9f086e6f0adf3645f85d3a4d",
                "sha256:6413d48a9be53e183eb06495d8e3b006ef8f87c324af68241bbe7a39e8ff54c3",
                "sha256:7451f92eddf8503c9b8aa4fe6aa7e87fd51a29c2cfc5f7dbd72efde6c65acf57",
                "sha256:8b4c0773b6ada798f51f0f8e30c054d32304ccc6e9c5d93d46cb26f3d385ab19",
                "sha256:8dfa94b6a4374e7851bbb6f35e6ded2120b752b063e6acdd3157e4d2bb922eba",
                "sha256:97c8425d4e26437e65e1d189d22dff4a079b747ff9c2788057bfb8114ce1e133",
                "sha256:9d75f338f5f79ee23548b03d801d28a505198297534f62416391857ea0479571",
                "sha256:9de6832228f617c9ef45d948ec1cd8949c482238d68b2477e6f642c33a7b0a54",
                "sha256:a4cbdef3ddf777423060c6f81b5694bad2dc9675f110c4b2a60dc0181543fac7",
                "sha256:a9c0d994680cd991b1cb772e8b297340085466a6fe964bc9d4e80f5e2f43c291",
                "sha256:aa70fdbdc3b169d69e8c59e65c07a1c9351ceb438e627f0fdcd471015cd956be",
                "sha256:abe38cd8381245a7f49967a6010e77dbf3680bd3627c0fe4362dd693b404c7f8",
                "sha256:b13f04968b46ad705f7c8a80122a42ae8f620536ea38cf4bdd374302926424dd",
                "sha256:b4ea7e1cff6784e58fe281ce7e7f05036b3e1c89c6f922a6bfbc0a7e8768adbe",
                "sha256:b6f91524d31b34f4a5fee24f5bc16dcd1491b668798b6d85585d836c1e633a6a",
                "sha256:c26843fd58f65da9491165072da2cccc372530681de481ef670dcc8e27cfb066",
                "sha256:c42365005c7a6c42436a54d28c43fe0e01ca11eb2ac3cefe796c25a5f98e5e9b",
                "sha256:c8b82a55ef86a2d8e81b63da85e55f5537d2157165be1cb2ce7cfa57b6aef38b",
                "sha256:ced69262a8278547e63409b2653b372bf4baff0870c57efa76c5703fd6543282",
                "sha256:d2e3bdadaba0e040d1e7ab39db73e0afe2c74ae277f5614dad53eadbecbbb169",
                "sha256:d403c84991b5ad291d3809bace5e85f4bbf44a04bdc9a88ed2bb1807b3360bb8",
                "sha256:d7543263084a85fbc09c704b515395398d31d6395518446237eac219eab9e55e",
                "sha256:d8882a829fd779f0f43998e931c466802a77ca1ee0fe25a3abe50278616b1471",
                "sha256:e4f0b035d9d0ed519c813ee23e0a733db81ec37d2e9503afbb6e54ccfdee0fa7",
                "sha256:e8b025c351b9f0e8b5436cf28a07fa4ac0204d67b38f01433ac7f9b870fa38c6",
                "sha256:eb7fd5b184e5d277afa9ec0ad5e4eb562ecff541e7f60e69ee69c8d59e9aeaba",
                "sha256:ec31367fd6a255dc8de4772bd1658c3e926d8e860a0b6e922b615e532d320ddc",
                "sha256:ee461a4eaab4f165b68780a6a1af95fb23a29932be7569b9fab666c407969051",
                "sha256:f5045039100ed58fa817a6227a356240ea1b9a1bc141018864c306c1a16d4175"
            ],
            "index": "pypi",
            "markers": "python_version >= '3.10'",
            "version": "==2.2.5"
        },
        "opencv-python": {
            "hashes": [
                "sha256:03d60ccae62304860d232272e4a4fda93c39d595780cb40b161b310244b736a4",
                "sha256:085ad9b77c18853ea66283e98affefe2de8cc4c1f43eda4c100cf9b2721142ec",
                "sha256:1b92ae2c8852208817e6776ba1ea0d6b1e0a1b5431e971a2a0ddd2a8cc398202",
                "sha256:432f67c223f1dc2824f5e73cdfcd9db0efc8710647d4e813012195dc9122a52a",
                "sha256:6b02611523803495003bd87362db3e1d2a0454a6a63025dc6658a9830570aa0d",
                "sha256:810549cb2a4aedaa84ad9a1c92fbfdfc14090e2749cedf2c1589ad8359aa169b",
                "sha256:9d05ef13d23fe97f575153558653e2d6e87103995d54e6a35db3f282fe1f9c66"
            ],
            "index": "pypi",
            "markers": "python_version >= '3.6'",
            "version": "==4.11.0.86"
        },
        "texttable": {
            "hashes": [
                "sha256:2d2068fb55115807d3ac77a4ca68fa48803e84ebb0ee2340f858107a36522638",
                "sha256:72227d592c82b3d7f672731ae73e4d1f88cd8e2ef5b075a7a7f01a23a3743917"
            ],
            "version": "==1.7.0"
        }
    },
    "develop": {}
}
